
Microsoft Visual Studio Solution File, Format Version 12.00
# Visual Studio Version 17
VisualStudioVersion = 17.9.34902.65
MinimumVisualStudioVersion = 10.0.40219.1
Project("{FAE04EC0-301F-11D3-BF4B-00C04F79EFBC}") = "Ex10_OOP", "Ex10_OOP.csproj", "{B80A9549-843A-4CAF-8777-A5C06B630514}"
EndProject
Global
	GlobalSection(SolutionConfigurationPlatforms) = preSolution
		Debug|Any CPU = Debug|Any CPU
		Release|Any CPU = Release|Any CPU
	EndGlobalSection
	GlobalSection(ProjectConfigurationPlatforms) = postSolution
		{B80A9549-843A-4CAF-8777-A5C06B630514}.Debug|Any CPU.ActiveCfg = Debug|Any CPU
		{B80A9549-843A-4CAF-8777-A5C06B630514}.Debug|Any CPU.Build.0 = Debug|Any CPU
		{B80A9549-843A-4CAF-8777-A5C06B630514}.Release|Any CPU.ActiveCfg = Release|Any CPU
		{B80A9549-843A-4CAF-8777-A5C06B630514}.Release|Any CPU.Build.0 = Release|Any CPU
	EndGlobalSection
	GlobalSection(SolutionProperties) = preSolution
		HideSolutionNode = FALSE
	EndGlobalSection
	GlobalSection(ExtensibilityGlobals) = postSolution
		SolutionGuid = {B0737F34-C6D2-4EB4-9AF0-E0EA522EC03B}
	EndGlobalSection
EndGlobal
